PODS:
  - hpple (0.2.0)
  - MWFeedParser (1.0.1):
    - MWFeedParser/FeedParser (= 1.0.1)
    - MWFeedParser/NSDate+InternetDateTime (= 1.0.1)
    - MWFeedParser/NSString+HTML (= 1.0.1)
  - MWFeedParser/FeedParser (1.0.1):
    - MWFeedParser/NSDate+InternetDateTime
    - MWFeedParser/NSString+HTML
  - MWFeedParser/NSDate+InternetDateTime (1.0.1)
  - MWFeedParser/NSString+HTML (1.0.1)
  - ReachabilitySwift (2.3.3)
  - SVProgressHUD (1.1.3)

DEPENDENCIES:
  - hpple
  - MWFeedParser
  - ReachabilitySwift (from `https://github.com/ashleymills/Reachability.swift`)
  - SVProgressHUD

EXTERNAL SOURCES:
  ReachabilitySwift:
    :git: https://github.com/ashleymills/Reachability.swift

CHECKOUT OPTIONS:
  ReachabilitySwift:
    :commit: cf126c0584a209143c75bf1d0f23fd904891e26e
    :git: https://github.com/ashleymills/Reachability.swift

SPEC CHECKSUMS:
  hpple: 3b765f96fc2cd56ad1a49aef6f7be5cb2aa64b57
  MWFeedParser: 2cf646014c1baf6ad1b08c480b40a08180079247
  ReachabilitySwift: e0f6b6f280effb47731acfaaa2d5ffe223703793
  SVProgressHUD: 748080e4f36e603f6c02aec292664239df5279c1

COCOAPODS: 0.39.0
